
Microsoft Visual Studio Solution File, Format Version 11.00
# Visual C++ Express 2010
Project("{8BC9CEB8-8B4A-11D0-8D11-00A0C91BC942}") = "MessMyPhoto", "MessMyPhoto\MessMyPhoto.vcxproj", "{0938E02D-9DE8-41DB-8D39-2EE0EC4FDBBA}"
EndProject
Project("{8BC9CEB8-8B4A-11D0-8D11-00A0C91BC942}") = "MessEngine", "MessEngine\MessEngine.vcxproj", "{E28EA48C-F680-41AB-9FC1-C9CFE0544554}"
EndProject
Global
	GlobalSection(SolutionConfigurationPlatforms) = preSolution
		Debug|Win32 = Debug|Win32
		Release|Win32 = Release|Win32
	EndGlobalSection
	GlobalSection(ProjectConfigurationPlatforms) = postSolution
		{0938E02D-9DE8-41DB-8D39-2EE0EC4FDBBA}.Debug|Win32.ActiveCfg = Debug|Win32
		{0938E02D-9DE8-41DB-8D39-2EE0EC4FDBBA}.Debug|Win32.Build.0 = Debug|Win32
		{0938E02D-9DE8-41DB-8D39-2EE0EC4FDBBA}.Release|Win32.ActiveCfg = Release|Win32
		{0938E02D-9DE8-41DB-8D39-2EE0EC4FDBBA}.Release|Win32.Build.0 = Release|Win32
		{E28EA48C-F680-41AB-9FC1-C9CFE0544554}.Debug|Win32.ActiveCfg = Debug|Win32
		{E28EA48C-F680-41AB-9FC1-C9CFE0544554}.Debug|Win32.Build.0 = Debug|Win32
		{E28EA48C-F680-41AB-9FC1-C9CFE0544554}.Release|Win32.ActiveCfg = Release|Win32
		{E28EA48C-F680-41AB-9FC1-C9CFE0544554}.Release|Win32.Build.0 = Release|Win32
	EndGlobalSection
	GlobalSection(SolutionProperties) = preSolution
		HideSolutionNode = FALSE
	EndGlobalSection
EndGlobal
