<?xml version="1.0" encoding="utf-8"?>
<Project ToolsVersion="4.0" xmlns="http://schemas.microsoft.com/developer/msbuild/2003">
  <ItemGroup>
    <Filter Include="Source Files">
      <UniqueIdentifier>{4FC737F1-C7A5-4376-A066-2A32D752A2FF}</UniqueIdentifier>
      <Extensions>cpp;c;cc;cxx;def;odl;idl;hpj;bat;asm;asmx</Extensions>
    </Filter>
    <Filter Include="Header Files">
      <UniqueIdentifier>{93995380-89BD-4b04-88EB-625FBE52EBFB}</UniqueIdentifier>
      <Extensions>h;hpp;hxx;hm;inl;inc;xsd</Extensions>
    </Filter>
    <Filter Include="Resource Files">
      <UniqueIdentifier>{67DA6AB6-F800-4c08-8B7A-83BB121AAD01}</UniqueIdentifier>
      <Extensions>rc;ico;cur;bmp;dlg;rc2;rct;bin;rgs;gif;jpg;jpeg;jpe;resx;tiff;tif;png;wav;mfcribbon-ms</Extensions>
    </Filter>
  </ItemGroup>
  <ItemGroup>
    <None Include="ReadMe.txt" />
  </ItemGroup>
  <ItemGroup>
    <ClInclude Include="stdafx.h">
      <Filter>Header Files</Filter>
    </ClInclude>
    <ClInclude Include="targetver.h">
      <Filter>Header Files</Filter>
    </ClInclude>
    <ClInclude Include="MessEngine.h">
      <Filter>Header Files</Filter>
    </ClInclude>
    <ClInclude Include="GlobalHelper.h">
      <Filter>Header Files</Filter>
    </ClInclude>
    <ClInclude Include="CyborgSketch.h">
      <Filter>Header Files</Filter>
    </ClInclude>
    <ClInclude Include="OldPhoto.h">
      <Filter>Header Files</Filter>
    </ClInclude>
    <ClInclude Include="DoGFilter.h">
      <Filter>Header Files</Filter>
    </ClInclude>
    <ClInclude Include="Painterly.h">
      <Filter>Header Files</Filter>
    </ClInclude>
    <ClInclude Include="GreyScale.h">
      <Filter>Header Files</Filter>
    </ClInclude>
    <ClInclude Include="CartoonFilter.h">
      <Filter>Header Files</Filter>
    </ClInclude>
    <ClInclude Include="RotateInvert.h">
      <Filter>Header Files</Filter>
    </ClInclude>
    <ClInclude Include="PainterlySketch.h">
      <Filter>Header Files</Filter>
    </ClInclude>
    <ClInclude Include="CartoonEffect.h">
      <Filter>Header Files</Filter>
    </ClInclude>
    <ClInclude Include="NightVision.h">
      <Filter>Header Files</Filter>
    </ClInclude>
    <ClInclude Include="ThermalDetector.h">
      <Filter>Header Files</Filter>
    </ClInclude>
    <ClInclude Include="HoneyMoon.h">
      <Filter>Header Files</Filter>
    </ClInclude>
    <ClInclude Include="SunBurst.h">
      <Filter>Header Files</Filter>
    </ClInclude>
    <ClInclude Include="Patronize.h">
      <Filter>Header Files</Filter>
    </ClInclude>
    <ClInclude Include="StencilArt.h">
      <Filter>Header Files</Filter>
    </ClInclude>
    <ClInclude Include="MotionBlur.h">
      <Filter>Header Files</Filter>
    </ClInclude>
    <ClInclude Include="Vintage.h">
      <Filter>Header Files</Filter>
    </ClInclude>
    <ClInclude Include="Inkify.h">
      <Filter>Header Files</Filter>
    </ClInclude>
    <ClInclude Include="GoldEngross.h">
      <Filter>Header Files</Filter>
    </ClInclude>
    <ClInclude Include="Jigsaw.h">
      <Filter>Header Files</Filter>
    </ClInclude>
    <ClInclude Include="Reflection.h">
      <Filter>Header Files</Filter>
    </ClInclude>
    <ClInclude Include="Barcode.h">
      <Filter>Header Files</Filter>
    </ClInclude>
    <ClInclude Include="HDR.h">
      <Filter>Header Files</Filter>
    </ClInclude>
    <ClInclude Include="FisheyeLens.h">
      <Filter>Header Files</Filter>
    </ClInclude>
    <ClInclude Include="CrossProcess.h">
      <Filter>Header Files</Filter>
    </ClInclude>
    <ClInclude Include="CynoType.h">
      <Filter>Header Files</Filter>
    </ClInclude>
    <ClInclude Include="HolgaArt.h">
      <Filter>Header Files</Filter>
    </ClInclude>
    <ClInclude Include="TieNDye.h">
      <Filter>Header Files</Filter>
    </ClInclude>
    <ClInclude Include="WaterColor.h">
      <Filter>Header Files</Filter>
    </ClInclude>
    <ClInclude Include="OilPaint.h">
      <Filter>Header Files</Filter>
    </ClInclude>
    <ClInclude Include="PerfectSketch.h">
      <Filter>Header Files</Filter>
    </ClInclude>
    <ClInclude Include="MotherNature.h">
      <Filter>Header Files</Filter>
    </ClInclude>
  </ItemGroup>
  <ItemGroup>
    <ClCompile Include="stdafx.cpp">
      <Filter>Source Files</Filter>
    </ClCompile>
    <ClCompile Include="MessEngine.cpp">
      <Filter>Source Files</Filter>
    </ClCompile>
    <ClCompile Include="dllmain.cpp">
      <Filter>Source Files</Filter>
    </ClCompile>
    <ClCompile Include="GlobalHelper.cpp">
      <Filter>Source Files</Filter>
    </ClCompile>
    <ClCompile Include="CyborgSketch.cpp">
      <Filter>Source Files</Filter>
    </ClCompile>
    <ClCompile Include="OldPhoto.cpp">
      <Filter>Source Files</Filter>
    </ClCompile>
    <ClCompile Include="DoGFilter.cpp">
      <Filter>Source Files</Filter>
    </ClCompile>
    <ClCompile Include="Painterly.cpp">
      <Filter>Source Files</Filter>
    </ClCompile>
    <ClCompile Include="GreyScale.cpp">
      <Filter>Source Files</Filter>
    </ClCompile>
    <ClCompile Include="CartoonFilter.cpp">
      <Filter>Source Files</Filter>
    </ClCompile>
    <ClCompile Include="RotateInvert.cpp">
      <Filter>Source Files</Filter>
    </ClCompile>
    <ClCompile Include="PainterlySketch.cpp">
      <Filter>Source Files</Filter>
    </ClCompile>
    <ClCompile Include="CartoonEffect.cpp">
      <Filter>Source Files</Filter>
    </ClCompile>
    <ClCompile Include="NightVision.cpp">
      <Filter>Source Files</Filter>
    </ClCompile>
    <ClCompile Include="ThermalDetector.cpp">
      <Filter>Source Files</Filter>
    </ClCompile>
    <ClCompile Include="HoneyMoon.cpp">
      <Filter>Source Files</Filter>
    </ClCompile>
    <ClCompile Include="Sunburst.cpp">
      <Filter>Source Files</Filter>
    </ClCompile>
    <ClCompile Include="Patronize.cpp">
      <Filter>Source Files</Filter>
    </ClCompile>
    <ClCompile Include="StencilArt.cpp">
      <Filter>Source Files</Filter>
    </ClCompile>
    <ClCompile Include="MotionBlur.cpp">
      <Filter>Source Files</Filter>
    </ClCompile>
    <ClCompile Include="Vintage.cpp">
      <Filter>Source Files</Filter>
    </ClCompile>
    <ClCompile Include="Inkify.cpp">
      <Filter>Source Files</Filter>
    </ClCompile>
    <ClCompile Include="GoldEngross.cpp">
      <Filter>Source Files</Filter>
    </ClCompile>
    <ClCompile Include="Jigsaw.cpp">
      <Filter>Source Files</Filter>
    </ClCompile>
    <ClCompile Include="Reflection.cpp">
      <Filter>Source Files</Filter>
    </ClCompile>
    <ClCompile Include="Barcode.cpp">
      <Filter>Source Files</Filter>
    </ClCompile>
    <ClCompile Include="HDR.cpp">
      <Filter>Source Files</Filter>
    </ClCompile>
    <ClCompile Include="FisheyeLens.cpp">
      <Filter>Source Files</Filter>
    </ClCompile>
    <ClCompile Include="CrossProcess.cpp">
      <Filter>Source Files</Filter>
    </ClCompile>
    <ClCompile Include="CynoType.cpp">
      <Filter>Source Files</Filter>
    </ClCompile>
    <ClCompile Include="HolgaArt.cpp">
      <Filter>Source Files</Filter>
    </ClCompile>
    <ClCompile Include="TieNDye.cpp">
      <Filter>Source Files</Filter>
    </ClCompile>
    <ClCompile Include="WaterColor.cpp">
      <Filter>Source Files</Filter>
    </ClCompile>
    <ClCompile Include="OilPaint.cpp">
      <Filter>Source Files</Filter>
    </ClCompile>
    <ClCompile Include="PerfectSketch.cpp">
      <Filter>Source Files</Filter>
    </ClCompile>
    <ClCompile Include="MotherNature.cpp">
      <Filter>Source Files</Filter>
    </ClCompile>
  </ItemGroup>
</Project>